// !$*UTF8*$!
{
	archiveVersion = 1;
	classes = {
	};
	objectVersion = 46;
	objects = {

/* Begin PBXBuildFile section */
		ADEFB0061EA2C2EF00A4D473 /* main.m in Sources */ = {isa = PBXBuildFile; fileRef = ADEFB0051EA2C2EF00A4D473 /* main.m */; };
		ADEFB0091EA2C2EF00A4D473 /* AppDelegate.m in Sources */ = {isa = PBXBuildFile; fileRef = ADEFB0081EA2C2EF00A4D473 /* AppDelegate.m */; };
		ADEFB00C1EA2C2EF00A4D473 /* ViewController.m in Sources */ = {isa = PBXBuildFile; fileRef = ADEFB00B1EA2C2EF00A4D473 /* ViewController.m */; };
		ADEFB00F1EA2C2EF00A4D473 /* Main.storyboard in Resources */ = {isa = PBXBuildFile; fileRef = ADEFB00D1EA2C2EF00A4D473 /* Main.storyboard */; };
		ADEFB0111EA2C2EF00A4D473 /* Assets.xcassets in Resources */ = {isa = PBXBuildFile; fileRef = ADEFB0101EA2C2EF00A4D473 /* Assets.xcassets */; };
		ADEFB0141EA2C2EF00A4D473 /* LaunchScreen.storyboard in Resources */ = {isa = PBXBuildFile; fileRef = ADEFB0121EA2C2EF00A4D473 /* LaunchScreen.storyboard */; };
		ADEFB01F1EA2C2F000A4D473 /* FOURTests.m in Sources */ = {isa = PBXBuildFile; fileRef = ADEFB01E1EA2C2F000A4D473 /* FOURTests.m */; };
		ADEFB02A1EA2C2F000A4D473 /* FOURUITests.m in Sources */ = {isa = PBXBuildFile; fileRef = ADEFB0291EA2C2F000A4D473 /* FOURUITests.m */; };
		ADEFB02F1EA2C2F000A4D473 /* FOUR WatchKit App.app in Embed Watch Content */ = {isa = PBXBuildFile; fileRef = ADEFB02E1EA2C2F000A4D473 /* FOUR WatchKit App.app */; };
		ADEFB0351EA2C2F000A4D473 /* Interface.storyboard in Resources */ = {isa = PBXBuildFile; fileRef = ADEFB0331EA2C2F000A4D473 /* Interface.storyboard */; };
		ADEFB0371EA2C2F000A4D473 /* Assets.xcassets in Resources */ = {isa = PBXBuildFile; fileRef = ADEFB0361EA2C2F000A4D473 /* Assets.xcassets */; };
		ADEFB03E1EA2C2F100A4D473 /* FOUR WatchKit Extension.appex in Embed App Extensions */ = {isa = PBXBuildFile; fileRef = ADEFB03D1EA2C2F100A4D473 /* FOUR WatchKit Extension.appex */; settings = {ATTRIBUTES = (RemoveHeadersOnCopy, ); }; };
		ADEFB0461EA2C2F100A4D473 /* InterfaceController.m in Sources */ = {isa = PBXBuildFile; fileRef = ADEFB0451EA2C2F100A4D473 /* InterfaceController.m */; };
		ADEFB0491EA2C2F100A4D473 /* ExtensionDelegate.m in Sources */ = {isa = PBXBuildFile; fileRef = ADEFB0481EA2C2F100A4D473 /* ExtensionDelegate.m */; };
		ADEFB04C1EA2C2F100A4D473 /* NotificationController.m in Sources */ = {isa = PBXBuildFile; fileRef = ADEFB04B1EA2C2F100A4D473 /* NotificationController.m */; };
		ADEFB04E1EA2C2F100A4D473 /* Assets.xcassets in Resources */ = {isa = PBXBuildFile; fileRef = ADEFB04D1EA2C2F100A4D473 /* Assets.xcassets */; };
/* End PBXBuildFile section */

/* Begin PBXContainerItemProxy section */
		ADEFB01B1EA2C2EF00A4D473 /* PBXContainerItemProxy */ = {
			isa = PBXContainerItemProxy;
			containerPortal = ADEFAFF91EA2C2EE00A4D473 /* Project object */;
			proxyType = 1;
			remoteGlobalIDString = ADEFB0001EA2C2EE00A4D473;
			remoteInfo = FOUR;
		};
		ADEFB0261EA2C2F000A4D473 /* PBXContainerItemProxy */ = {
			isa = PBXContainerItemProxy;
			containerPortal = ADEFAFF91EA2C2EE00A4D473 /* Project object */;
			proxyType = 1;
			remoteGlobalIDString = ADEFB0001EA2C2EE00A4D473;
			remoteInfo = FOUR;
		};
		ADEFB0301EA2C2F000A4D473 /* PBXContainerItemProxy */ = {
			isa = PBXContainerItemProxy;
			containerPortal = ADEFAFF91EA2C2EE00A4D473 /* Project object */;
			proxyType = 1;
			remoteGlobalIDString = ADEFB02D1EA2C2F000A4D473;
			remoteInfo = "FOUR WatchKit App";
		};
		ADEFB03F1EA2C2F100A4D473 /* PBXContainerItemProxy */ = {
			isa = PBXContainerItemProxy;
			containerPortal = ADEFAFF91EA2C2EE00A4D473 /* Project object */;
			proxyType = 1;
			remoteGlobalIDString = ADEFB03C1EA2C2F100A4D473;
			remoteInfo = "FOUR WatchKit Extension";
		};
/* End PBXContainerItemProxy section */

/* Begin PBXCopyFilesBuildPhase section */
		ADEFB0551EA2C2F100A4D473 /* Embed App Extensions */ = {
			isa = PBXCopyFilesBuildPhase;
			buildActionMask = 2147483647;
			dstPath = "";
			dstSubfolderSpec = 13;
			files = (
				ADEFB03E1EA2C2F100A4D473 /* FOUR WatchKit Extension.appex in Embed App Extensions */,
			);
			name = "Embed App Extensions";
			runOnlyForDeploymentPostprocessing = 0;
		};
		ADEFB0591EA2C2F100A4D473 /* Embed Watch Content */ = {
			isa = PBXCopyFilesBuildPhase;
			buildActionMask = 2147483647;
			dstPath = "$(CONTENTS_FOLDER_PATH)/Watch";
			dstSubfolderSpec = 16;
			files = (
				ADEFB02F1EA2C2F000A4D473 /* FOUR WatchKit App.app in Embed Watch Content */,
			);
			name = "Embed Watch Content";
			runOnlyForDeploymentPostprocessing = 0;
		};
/* End PBXCopyFilesBuildPhase section */

/* Begin PBXFileReference section */
		ADEFB0011EA2C2EE00A4D473 /* FOUR.app */ = {isa = PBXFileReference; explicitFileType = wrapper.application; includeInIndex = 0; path = FOUR.app; sourceTree = BUILT_PRODUCTS_DIR; };
		ADEFB0051EA2C2EF00A4D473 /* main.m */ = {isa = PBXFileReference; lastKnownFileType = sourcecode.c.objc; path = main.m; sourceTree = "<group>"; };
		ADEFB0071EA2C2EF00A4D473 /* AppDelegate.h */ = {isa = PBXFileReference; lastKnownFileType = sourcecode.c.h; path = AppDelegate.h; sourceTree = "<group>"; };
		ADEFB0081EA2C2EF00A4D473 /* AppDelegate.m */ = {isa = PBXFileReference; lastKnownFileType = sourcecode.c.objc; path = AppDelegate.m; sourceTree = "<group>"; };
		ADEFB00A1EA2C2EF00A4D473 /* ViewController.h */ = {isa = PBXFileReference; lastKnownFileType = sourcecode.c.h; path = ViewController.h; sourceTree = "<group>"; };
		ADEFB00B1EA2C2EF00A4D473 /* ViewController.m */ = {isa = PBXFileReference; lastKnownFileType = sourcecode.c.objc; path = ViewController.m; sourceTree = "<group>"; };
		ADEFB00E1EA2C2EF00A4D473 /* Base */ = {isa = PBXFileReference; lastKnownFileType = file.storyboard; name = Base; path = Base.lproj/Main.storyboard; sourceTree = "<group>"; };
		ADEFB0101EA2C2EF00A4D473 /* Assets.xcassets */ = {isa = PBXFileReference; lastKnownFileType = folder.assetcatalog; path = Assets.xcassets; sourceTree = "<group>"; };
		ADEFB0131EA2C2EF00A4D473 /* Base */ = {isa = PBXFileReference; lastKnownFileType = file.storyboard; name = Base; path = Base.lproj/LaunchScreen.storyboard; sourceTree = "<group>"; };
		ADEFB0151EA2C2EF00A4D473 /* Info.plist */ = {isa = PBXFileReference; lastKnownFileType = text.plist.xml; path = Info.plist; sourceTree = "<group>"; };
		ADEFB01A1EA2C2EF00A4D473 /* FOURTests.xctest */ = {isa = PBXFileReference; explicitFileType = wrapper.cfbundle; includeInIndex = 0; path = FOURTests.xctest; sourceTree = BUILT_PRODUCTS_DIR; };
		ADEFB01E1EA2C2F000A4D473 /* FOURTests.m */ = {isa = PBXFileReference; lastKnownFileType = sourcecode.c.objc; path = FOURTests.m; sourceTree = "<group>"; };
		ADEFB0201EA2C2F000A4D473 /* Info.plist */ = {isa = PBXFileReference; lastKnownFileType = text.plist.xml; path = Info.plist; sourceTree = "<group>"; };
		ADEFB0251EA2C2F000A4D473 /* FOURUITests.xctest */ = {isa = PBXFileReference; explicitFileType = wrapper.cfbundle; includeInIndex = 0; path = FOURUITests.xctest; sourceTree = BUILT_PRODUCTS_DIR; };
		ADEFB0291EA2C2F000A4D473 /* FOURUITests.m */ = {isa = PBXFileReference; lastKnownFileType = sourcecode.c.objc; path = FOURUITests.m; sourceTree = "<group>"; };
		ADEFB02B1EA2C2F000A4D473 /* Info.plist */ = {isa = PBXFileReference; lastKnownFileType = text.plist.xml; path = Info.plist; sourceTree = "<group>"; };
		ADEFB02E1EA2C2F000A4D473 /* FOUR WatchKit App.app */ = {isa = PBXFileReference; explicitFileType = wrapper.application; includeInIndex = 0; path = "FOUR WatchKit App.app"; sourceTree = BUILT_PRODUCTS_DIR; };
		ADEFB0341EA2C2F000A4D473 /* Base */ = {isa = PBXFileReference; lastKnownFileType = file.storyboard; name = Base; path = Base.lproj/Interface.storyboard; sourceTree = "<group>"; };
		ADEFB0361EA2C2F000A4D473 /* Assets.xcassets */ = {isa = PBXFileReference; lastKnownFileType = folder.assetcatalog; path = Assets.xcassets; sourceTree = "<group>"; };
		ADEFB0381EA2C2F000A4D473 /* Info.plist */ = {isa = PBXFileReference; lastKnownFileType = text.plist.xml; path = Info.plist; sourceTree = "<group>"; };
		ADEFB03D1EA2C2F100A4D473 /* FOUR WatchKit Extension.appex */ = {isa = PBXFileReference; explicitFileType = "wrapper.app-extension"; includeInIndex = 0; path = "FOUR WatchKit Extension.appex"; sourceTree = BUILT_PRODUCTS_DIR; };
		ADEFB0431EA2C2F100A4D473 /* PushNotificationPayload.apns */ = {isa = PBXFileReference; lastKnownFileType = text; path = PushNotificationPayload.apns; sourceTree = "<group>"; };
		ADEFB0441EA2C2F100A4D473 /* InterfaceController.h */ = {isa = PBXFileReference; lastKnownFileType = sourcecode.c.h; path = InterfaceController.h; sourceTree = "<group>"; };
		ADEFB0451EA2C2F100A4D473 /* InterfaceController.m */ = {isa = PBXFileReference; lastKnownFileType = sourcecode.c.objc; path = InterfaceController.m; sourceTree = "<group>"; };
		ADEFB0471EA2C2F100A4D473 /* ExtensionDelegate.h */ = {isa = PBXFileReference; lastKnownFileType = sourcecode.c.h; path = ExtensionDelegate.h; sourceTree = "<group>"; };
		ADEFB0481EA2C2F100A4D473 /* ExtensionDelegate.m */ = {isa = PBXFileReference; lastKnownFileType = sourcecode.c.objc; path = ExtensionDelegate.m; sourceTree = "<group>"; };
		ADEFB04A1EA2C2F100A4D473 /* NotificationController.h */ = {isa = PBXFileReference; lastKnownFileType = sourcecode.c.h; path = NotificationController.h; sourceTree = "<group>"; };
		ADEFB04B1EA2C2F100A4D473 /* NotificationController.m */ = {isa = PBXFileReference; lastKnownFileType = sourcecode.c.objc; path = NotificationController.m; sourceTree = "<group>"; };
		ADEFB04D1EA2C2F100A4D473 /* Assets.xcassets */ = {isa = PBXFileReference; lastKnownFileType = folder.assetcatalog; path = Assets.xcassets; sourceTree = "<group>"; };
		ADEFB04F1EA2C2F100A4D473 /* Info.plist */ = {isa = PBXFileReference; lastKnownFileType = text.plist.xml; path = Info.plist; sourceTree = "<group>"; };
/* End PBXFileReference section */

/* Begin PBXFrameworksBuildPhase section */
		ADEFAFFE1EA2C2EE00A4D473 /* Frameworks */ = {
			isa = PBXFrameworksBuildPhase;
			buildActionMask = 2147483647;
			files = (
			);
			runOnlyForDeploymentPostprocessing = 0;
		};
		ADEFB0171EA2C2EF00A4D473 /* Frameworks */ = {
			isa = PBXFrameworksBuildPhase;
			buildActionMask = 2147483647;
			files = (
			);
			runOnlyForDeploymentPostprocessing = 0;
		};
		ADEFB0221EA2C2F000A4D473 /* Frameworks */ = {
			isa = PBXFrameworksBuildPhase;
			buildActionMask = 2147483647;
			files = (
			);
			runOnlyForDeploymentPostprocessing = 0;
		};
		ADEFB03A1EA2C2F100A4D473 /* Frameworks */ = {
			isa = PBXFrameworksBuildPhase;
			buildActionMask = 2147483647;
			files = (
			);
			runOnlyForDeploymentPostprocessing = 0;
		};
/* End PBXFrameworksBuildPhase section */

/* Begin PBXGroup section */
		ADEFAFF81EA2C2EE00A4D473 = {
			isa = PBXGroup;
			children = (
				ADEFB0031EA2C2EE00A4D473 /* FOUR */,
				ADEFB01D1EA2C2EF00A4D473 /* FOURTests */,
				ADEFB0281EA2C2F000A4D473 /* FOURUITests */,
				ADEFB0321EA2C2F000A4D473 /* FOUR WatchKit App */,
				ADEFB0411EA2C2F100A4D473 /* FOUR WatchKit Extension */,
				ADEFB0021EA2C2EE00A4D473 /* Products */,
			);
			sourceTree = "<group>";
		};
		ADEFB0021EA2C2EE00A4D473 /* Products */ = {
			isa = PBXGroup;
			children = (
				ADEFB0011EA2C2EE00A4D473 /* FOUR.app */,
				ADEFB01A1EA2C2EF00A4D473 /* FOURTests.xctest */,
				ADEFB0251EA2C2F000A4D473 /* FOURUITests.xctest */,
				ADEFB02E1EA2C2F000A4D473 /* FOUR WatchKit App.app */,
				ADEFB03D1EA2C2F100A4D473 /* FOUR WatchKit Extension.appex */,
			);
			name = Products;
			sourceTree = "<group>";
		};
		ADEFB0031EA2C2EE00A4D473 /* FOUR */ = {
			isa = PBXGroup;
			children = (
				ADEFB0071EA2C2EF00A4D473 /* AppDelegate.h */,
				ADEFB0081EA2C2EF00A4D473 /* AppDelegate.m */,
				ADEFB00A1EA2C2EF00A4D473 /* ViewController.h */,
				ADEFB00B1EA2C2EF00A4D473 /* ViewController.m */,
				ADEFB00D1EA2C2EF00A4D473 /* Main.storyboard */,
				ADEFB0101EA2C2EF00A4D473 /* Assets.xcassets */,
				ADEFB0121EA2C2EF00A4D473 /* LaunchScreen.storyboard */,
				ADEFB0151EA2C2EF00A4D473 /* Info.plist */,
				ADEFB0041EA2C2EE00A4D473 /* Supporting Files */,
			);
			path = FOUR;
			sourceTree = "<group>";
		};
		ADEFB0041EA2C2EE00A4D473 /* Supporting Files */ = {
			isa = PBXGroup;
			children = (
				ADEFB0051EA2C2EF00A4D473 /* main.m */,
			);
			name = "Supporting Files";
			sourceTree = "<group>";
		};
		ADEFB01D1EA2C2EF00A4D473 /* FOURTests */ = {
			isa = PBXGroup;
			children = (
				ADEFB01E1EA2C2F000A4D473 /* FOURTests.m */,
				ADEFB0201EA2C2F000A4D473 /* Info.plist */,
			);
			path = FOURTests;
			sourceTree = "<group>";
		};
		ADEFB0281EA2C2F000A4D473 /* FOURUITests */ = {
			isa = PBXGroup;
			children = (
				ADEFB0291EA2C2F000A4D473 /* FOURUITests.m */,
				ADEFB02B1EA2C2F000A4D473 /* Info.plist */,
			);
			path = FOURUITests;
			sourceTree = "<group>";
		};
		ADEFB0321EA2C2F000A4D473 /* FOUR WatchKit App */ = {
			isa = PBXGroup;
			children = (
				ADEFB0331EA2C2F000A4D473 /* Interface.storyboard */,
				ADEFB0361EA2C2F000A4D473 /* Assets.xcassets */,
				ADEFB0381EA2C2F000A4D473 /* Info.plist */,
			);
			path = "FOUR WatchKit App";
			sourceTree = "<group>";
		};
		ADEFB0411EA2C2F100A4D473 /* FOUR WatchKit Extension */ = {
			isa = PBXGroup;
			children = (
				ADEFB0441EA2C2F100A4D473 /* InterfaceController.h */,
				ADEFB0451EA2C2F100A4D473 /* InterfaceController.m */,
				ADEFB0471EA2C2F100A4D473 /* ExtensionDelegate.h */,
				ADEFB0481EA2C2F100A4D473 /* ExtensionDelegate.m */,
				ADEFB04A1EA2C2F100A4D473 /* NotificationController.h */,
				ADEFB04B1EA2C2F100A4D473 /* NotificationController.m */,
				ADEFB04D1EA2C2F100A4D473 /* Assets.xcassets */,
				ADEFB04F1EA2C2F100A4D473 /* Info.plist */,
				ADEFB0421EA2C2F100A4D473 /* Supporting Files */,
			);
			path = "FOUR WatchKit Extension";
			sourceTree = "<group>";
		};
		ADEFB0421EA2C2F100A4D473 /* Supporting Files */ = {
			isa = PBXGroup;
			children = (
				ADEFB0431EA2C2F100A4D473 /* PushNotificationPayload.apns */,
			);
			name = "Supporting Files";
			sourceTree = "<group>";
		};
/* End PBXGroup section */

/* Begin PBXNativeTarget section */
		ADEFB0001EA2C2EE00A4D473 /* FOUR */ = {
			isa = PBXNativeTarget;
			buildConfigurationList = ADEFB05A1EA2C2F100A4D473 /* Build configuration list for PBXNativeTarget "FOUR" */;
			buildPhases = (
				ADEFAFFD1EA2C2EE00A4D473 /* Sources */,
				ADEFAFFE1EA2C2EE00A4D473 /* Frameworks */,
				ADEFAFFF1EA2C2EE00A4D473 /* Resources */,
				ADEFB0591EA2C2F100A4D473 /* Embed Watch Content */,
			);
			buildRules = (
			);
			dependencies = (
				ADEFB0311EA2C2F000A4D473 /* PBXTargetDependency */,
			);
			name = FOUR;
			productName = FOUR;
			productReference = ADEFB0011EA2C2EE00A4D473 /* FOUR.app */;
			productType = "com.apple.product-type.application";
		};
		ADEFB0191EA2C2EF00A4D473 /* FOURTests */ = {
			isa = PBXNativeTarget;
			buildConfigurationList = ADEFB05D1EA2C2F100A4D473 /* Build configuration list for PBXNativeTarget "FOURTests" */;
			buildPhases = (
				ADEFB0161EA2C2EF00A4D473 /* Sources */,
				ADEFB0171EA2C2EF00A4D473 /* Frameworks */,
				ADEFB0181EA2C2EF00A4D473 /* Resources */,
			);
			buildRules = (
			);
			dependencies = (
				ADEFB01C1EA2C2EF00A4D473 /* PBXTargetDependency */,
			);
			name = FOURTests;
			productName = FOURTests;
			productReference = ADEFB01A1EA2C2EF00A4D473 /* FOURTests.xctest */;
			productType = "com.apple.product-type.bundle.unit-test";
		};
		ADEFB0241EA2C2F000A4D473 /* FOURUITests */ = {
			isa = PBXNativeTarget;
			buildConfigurationList = ADEFB0601EA2C2F100A4D473 /* Build configuration list for PBXNativeTarget "FOURUITests" */;
			buildPhases = (
				ADEFB0211EA2C2F000A4D473 /* Sources */,
				ADEFB0221EA2C2F000A4D473 /* Frameworks */,
				ADEFB0231EA2C2F000A4D473 /* Resources */,
			);
			buildRules = (
			);
			dependencies = (
				ADEFB0271EA2C2F000A4D473 /* PBXTargetDependency */,
			);
			name = FOURUITests;
			productName = FOURUITests;
			productReference = ADEFB0251EA2C2F000A4D473 /* FOURUITests.xctest */;
			productType = "com.apple.product-type.bundle.ui-testing";
		};
		ADEFB02D1EA2C2F000A4D473 /* FOUR WatchKit App */ = {
			isa = PBXNativeTarget;
			buildConfigurationList = ADEFB0561EA2C2F100A4D473 /* Build configuration list for PBXNativeTarget "FOUR WatchKit App" */;
			buildPhases = (
				ADEFB02C1EA2C2F000A4D473 /* Resources */,
				ADEFB0551EA2C2F100A4D473 /* Embed App Extensions */,
			);
			buildRules = (
			);
			dependencies = (
				ADEFB0401EA2C2F100A4D473 /* PBXTargetDependency */,
			);
			name = "FOUR WatchKit App";
			productName = "FOUR WatchKit App";
			productReference = ADEFB02E1EA2C2F000A4D473 /* FOUR WatchKit App.app */;
			productType = "com.apple.product-type.application.watchapp2";
		};
		ADEFB03C1EA2C2F100A4D473 /* FOUR WatchKit Extension */ = {
			isa = PBXNativeTarget;
			buildConfigurationList = ADEFB0521EA2C2F100A4D473 /* Build configuration list for PBXNativeTarget "FOUR WatchKit Extension" */;
			buildPhases = (
				ADEFB0391EA2C2F100A4D473 /* Sources */,
				ADEFB03A1EA2C2F100A4D473 /* Frameworks */,
				ADEFB03B1EA2C2F100A4D473 /* Resources */,
			);
			buildRules = (
			);
			dependencies = (
			);
			name = "FOUR WatchKit Extension";
			productName = "FOUR WatchKit Extension";
			productReference = ADEFB03D1EA2C2F100A4D473 /* FOUR WatchKit Extension.appex */;
			productType = "com.apple.product-type.watchkit2-extension";
		};
/* End PBXNativeTarget section */

/* Begin PBXProject section */
		ADEFAFF91EA2C2EE00A4D473 /* Project object */ = {
			isa = PBXProject;
			attributes = {
				LastUpgradeCheck = 0830;
				ORGANIZATIONNAME = leyou;
				TargetAttributes = {
					ADEFB0001EA2C2EE00A4D473 = {
						CreatedOnToolsVersion = 8.3;
						DevelopmentTeam = S6UDW3AB6Q;
						ProvisioningStyle = Automatic;
					};
					ADEFB0191EA2C2EF00A4D473 = {
						CreatedOnToolsVersion = 8.3;
						DevelopmentTeam = S6UDW3AB6Q;
						ProvisioningStyle = Automatic;
						TestTargetID = ADEFB0001EA2C2EE00A4D473;
					};
					ADEFB0241EA2C2F000A4D473 = {
						CreatedOnToolsVersion = 8.3;
						DevelopmentTeam = S6UDW3AB6Q;
						ProvisioningStyle = Automatic;
						TestTargetID = ADEFB0001EA2C2EE00A4D473;
					};
					ADEFB02D1EA2C2F000A4D473 = {
						CreatedOnToolsVersion = 8.3;
						DevelopmentTeam = S6UDW3AB6Q;
						ProvisioningStyle = Automatic;
					};
					ADEFB03C1EA2C2F100A4D473 = {
						CreatedOnToolsVersion = 8.3;
						DevelopmentTeam = S6UDW3AB6Q;
						ProvisioningStyle = Automatic;
					};
				};
			};
			buildConfigurationList = ADEFAFFC1EA2C2EE00A4D473 /* Build configuration list for PBXProject "FOUR" */;
			compatibilityVersion = "Xcode 3.2";
			developmentRegion = English;
			hasScannedForEncodings = 0;
			knownRegions = (
				en,
				Base,
			);
			mainGroup = ADEFAFF81EA2C2EE00A4D473;
			productRefGroup = ADEFB0021EA2C2EE00A4D473 /* Products */;
			projectDirPath = "";
			projectRoot = "";
			targets = (
				ADEFB0001EA2C2EE00A4D473 /* FOUR */,
				ADEFB0191EA2C2EF00A4D473 /* FOURTests */,
				ADEFB0241EA2C2F000A4D473 /* FOURUITests */,
				ADEFB02D1EA2C2F000A4D473 /* FOUR WatchKit App */,
				ADEFB03C1EA2C2F100A4D473 /* FOUR WatchKit Extension */,
			);
		};
/* End PBXProject section */

/* Begin PBXResourcesBuildPhase section */
		ADEFAFFF1EA2C2EE00A4D473 /* Resources */ = {
			isa = PBXResourcesBuildPhase;
			buildActionMask = 2147483647;
			files = (
				ADEFB0141EA2C2EF00A4D473 /* LaunchScreen.storyboard in Resources */,
				ADEFB0111EA2C2EF00A4D473 /* Assets.xcassets in Resources */,
				ADEFB00F1EA2C2EF00A4D473 /* Main.storyboard in Resources */,
			);
			runOnlyForDeploymentPostprocessing = 0;
		};
		ADEFB0181EA2C2EF00A4D473 /* Resources */ = {
			isa = PBXResourcesBuildPhase;
			buildActionMask = 2147483647;
			files = (
			);
			runOnlyForDeploymentPostprocessing = 0;
		};
		ADEFB0231EA2C2F000A4D473 /* Resources */ = {
			isa = PBXResourcesBuildPhase;
			buildActionMask = 2147483647;
			files = (
			);
			runOnlyForDeploymentPostprocessing = 0;
		};
		ADEFB02C1EA2C2F000A4D473 /* Resources */ = {
			isa = PBXResourcesBuildPhase;
			buildActionMask = 2147483647;
			files = (
				ADEFB0371EA2C2F000A4D473 /* Assets.xcassets in Resources */,
				ADEFB0351EA2C2F000A4D473 /* Interface.storyboard in Resources */,
			);
			runOnlyForDeploymentPostprocessing = 0;
		};
		ADEFB03B1EA2C2F100A4D473 /* Resources */ = {
			isa = PBXResourcesBuildPhase;
			buildActionMask = 2147483647;
			files = (
				ADEFB04E1EA2C2F100A4D473 /* Assets.xcassets in Resources */,
			);
			runOnlyForDeploymentPostprocessing = 0;
		};
/* End PBXResourcesBuildPhase section */

/* Begin PBXSourcesBuildPhase section */
		ADEFAFFD1EA2C2EE00A4D473 /* Sources */ = {
			isa = PBXSourcesBuildPhase;
			buildActionMask = 2147483647;
			files = (
				ADEFB00C1EA2C2EF00A4D473 /* ViewController.m in Sources */,
				ADEFB0091EA2C2EF00A4D473 /* AppDelegate.m in Sources */,
				ADEFB0061EA2C2EF00A4D473 /* main.m in Sources */,
			);
			runOnlyForDeploymentPostprocessing = 0;
		};
		ADEFB0161EA2C2EF00A4D473 /* Sources */ = {
			isa = PBXSourcesBuildPhase;
			buildActionMask = 2147483647;
			files = (
				ADEFB01F1EA2C2F000A4D473 /* FOURTests.m in Sources */,
			);
			runOnlyForDeploymentPostprocessing = 0;
		};
		ADEFB0211EA2C2F000A4D473 /* Sources */ = {
			isa = PBXSourcesBuildPhase;
			buildActionMask = 2147483647;
			files = (
				ADEFB02A1EA2C2F000A4D473 /* FOURUITests.m in Sources */,
			);
			runOnlyForDeploymentPostprocessing = 0;
		};
		ADEFB0391EA2C2F100A4D473 /* Sources */ = {
			isa = PBXSourcesBuildPhase;
			buildActionMask = 2147483647;
			files = (
				ADEFB0491EA2C2F100A4D473 /* ExtensionDelegate.m in Sources */,
				ADEFB0461EA2C2F100A4D473 /* InterfaceController.m in Sources */,
				ADEFB04C1EA2C2F100A4D473 /* NotificationController.m in Sources */,
			);
			runOnlyForDeploymentPostprocessing = 0;
		};
/* End PBXSourcesBuildPhase section */

/* Begin PBXTargetDependency section */
		ADEFB01C1EA2C2EF00A4D473 /* PBXTargetDependency */ = {
			isa = PBXTargetDependency;
			target = ADEFB0001EA2C2EE00A4D473 /* FOUR */;
			targetProxy = ADEFB01B1EA2C2EF00A4D473 /* PBXContainerItemProxy */;
		};
		ADEFB0271EA2C2F000A4D473 /* PBXTargetDependency */ = {
			isa = PBXTargetDependency;
			target = ADEFB0001EA2C2EE00A4D473 /* FOUR */;
			targetProxy = ADEFB0261EA2C2F000A4D473 /* PBXContainerItemProxy */;
		};
		ADEFB0311EA2C2F000A4D473 /* PBXTargetDependency */ = {
			isa = PBXTargetDependency;
			target = ADEFB02D1EA2C2F000A4D473 /* FOUR WatchKit App */;
			targetProxy = ADEFB0301EA2C2F000A4D473 /* PBXContainerItemProxy */;
		};
		ADEFB0401EA2C2F100A4D473 /* PBXTargetDependency */ = {
			isa = PBXTargetDependency;
			target = ADEFB03C1EA2C2F100A4D473 /* FOUR WatchKit Extension */;
			targetProxy = ADEFB03F1EA2C2F100A4D473 /* PBXContainerItemProxy */;
		};
/* End PBXTargetDependency section */

/* Begin PBXVariantGroup section */
		ADEFB00D1EA2C2EF00A4D473 /* Main.storyboard */ = {
			isa = PBXVariantGroup;
			children = (
				ADEFB00E1EA2C2EF00A4D473 /* Base */,
			);
			name = Main.storyboard;
			sourceTree = "<group>";
		};
		ADEFB0121EA2C2EF00A4D473 /* LaunchScreen.storyboard */ = {
			isa = PBXVariantGroup;
			children = (
				ADEFB0131EA2C2EF00A4D473 /* Base */,
			);
			name = LaunchScreen.storyboard;
			sourceTree = "<group>";
		};
		ADEFB0331EA2C2F000A4D473 /* Interface.storyboard */ = {
			isa = PBXVariantGroup;
			children = (
				ADEFB0341EA2C2F000A4D473 /* Base */,
			);
			name = Interface.storyboard;
			sourceTree = "<group>";
		};
/* End PBXVariantGroup section */

/* Begin XCBuildConfiguration section */
		ADEFB0501EA2C2F100A4D473 /* Debug */ = {
			isa = XCBuildConfiguration;
			buildSettings = {
				ALWAYS_SEARCH_USER_PATHS = NO;
				CLANG_ANALYZER_NONNULL = YES;
				CLANG_ANALYZER_NUMBER_OBJECT_CONVERSION = YES_AGGRESSIVE;
				CLANG_CXX_LANGUAGE_STANDARD = "gnu++0x";
				CLANG_CXX_LIBRARY = "libc++";
				CLANG_ENABLE_MODULES = YES;
				CLANG_ENABLE_OBJC_ARC = YES;
				CLANG_WARN_BOOL_CONVERSION = YES;
				CLANG_WARN_CONSTANT_CONVERSION = YES;
				CLANG_WARN_DIRECT_OBJC_ISA_USAGE = YES_ERROR;
				CLANG_WARN_DOCUMENTATION_COMMENTS = YES;
				CLANG_WARN_EMPTY_BODY = YES;
				CLANG_WARN_ENUM_CONVERSION = YES;
				CLANG_WARN_INFINITE_RECURSION = YES;
				CLANG_WARN_INT_CONVERSION = YES;
				CLANG_WARN_OBJC_ROOT_CLASS = YES_ERROR;
				CLANG_WARN_SUSPICIOUS_MOVE = YES;
				CLANG_WARN_UNREACHABLE_CODE = YES;
				CLANG_WARN__DUPLICATE_METHOD_MATCH = YES;
				"CODE_SIGN_IDENTITY[sdk=iphoneos*]" = "iPhone Developer";
				COPY_PHASE_STRIP = NO;
				DEBUG_INFORMATION_FORMAT = dwarf;
				ENABLE_STRICT_OBJC_MSGSEND = YES;
				ENABLE_TESTABILITY = YES;
				GCC_C_LANGUAGE_STANDARD = gnu99;
				GCC_DYNAMIC_NO_PIC = NO;
				GCC_NO_COMMON_BLOCKS = YES;
				GCC_OPTIMIZATION_LEVEL = 0;
				GCC_PREPROCESSOR_DEFINITIONS = (
					"DEBUG=1",
					"$(inherited)",
				);
				GCC_WARN_64_TO_32_BIT_CONVERSION = YES;
				GCC_WARN_ABOUT_RETURN_TYPE = YES_ERROR;
				GCC_WARN_UNDECLARED_SELECTOR = YES;
				GCC_WARN_UNINITIALIZED_AUTOS = YES_AGGRESSIVE;
				GCC_WARN_UNUSED_FUNCTION = YES;
				GCC_WARN_UNUSED_VARIABLE = YES;
				IPHONEOS_DEPLOYMENT_TARGET = 10.2;
				MTL_ENABLE_DEBUG_INFO = YES;
				ONLY_ACTIVE_ARCH = YES;
				SDKROOT = iphoneos;
				TARGETED_DEVICE_FAMILY = "1,2";
			};
			name = Debug;
		};
		ADEFB0511EA2C2F100A4D473 /* Release */ = {
			isa = XCBuildConfiguration;
			buildSettings = {
				ALWAYS_SEARCH_USER_PATHS = NO;
				CLANG_ANALYZER_NONNULL = YES;
				CLANG_ANALYZER_NUMBER_OBJECT_CONVERSION = YES_AGGRESSIVE;
				CLANG_CXX_LANGUAGE_STANDARD = "gnu++0x";
				CLANG_CXX_LIBRARY = "libc++";
				CLANG_ENABLE_MODULES = YES;
				CLANG_ENABLE_OBJC_ARC = YES;
				CLANG_WARN_BOOL_CONVERSION = YES;
				CLANG_WARN_CONSTANT_CONVERSION = YES;
				CLANG_WARN_DIRECT_OBJC_ISA_USAGE = YES_ERROR;
				CLANG_WARN_DOCUMENTATION_COMMENTS = YES;
				CLANG_WARN_EMPTY_BODY = YES;
				CLANG_WARN_ENUM_CONVERSION = YES;
				CLANG_WARN_INFINITE_RECURSION = YES;
				CLANG_WARN_INT_CONVERSION = YES;
				CLANG_WARN_OBJC_ROOT_CLASS = YES_ERROR;
				CLANG_WARN_SUSPICIOUS_MOVE = YES;
				CLANG_WARN_UNREACHABLE_CODE = YES;
				CLANG_WARN__DUPLICATE_METHOD_MATCH = YES;
				"CODE_SIGN_IDENTITY[sdk=iphoneos*]" = "iPhone Developer";
				COPY_PHASE_STRIP = NO;
				DEBUG_INFORMATION_FORMAT = "dwarf-with-dsym";
				ENABLE_NS_ASSERTIONS = NO;
				ENABLE_STRICT_OBJC_MSGSEND = YES;
				GCC_C_LANGUAGE_STANDARD = gnu99;
				GCC_NO_COMMON_BLOCKS = YES;
				GCC_WARN_64_TO_32_BIT_CONVERSION = YES;
				GCC_WARN_ABOUT_RETURN_TYPE = YES_ERROR;
				GCC_WARN_UNDECLARED_SELECTOR = YES;
				GCC_WARN_UNINITIALIZED_AUTOS = YES_AGGRESSIVE;
				GCC_WARN_UNUSED_FUNCTION = YES;
				GCC_WARN_UNUSED_VARIABLE = YES;
				IPHONEOS_DEPLOYMENT_TARGET = 10.2;
				MTL_ENABLE_DEBUG_INFO = NO;
				SDKROOT = iphoneos;
				TARGETED_DEVICE_FAMILY = "1,2";
				VALIDATE_PRODUCT = YES;
			};
			name = Release;
		};
		ADEFB0531EA2C2F100A4D473 /* Debug */ = {
			isa = XCBuildConfiguration;
			buildSettings = {
				ASSETCATALOG_COMPILER_COMPLICATION_NAME = Complication;
				DEVELOPMENT_TEAM = S6UDW3AB6Q;
				INFOPLIST_FILE = "FOUR WatchKit Extension/Info.plist";
				LD_RUNPATH_SEARCH_PATHS = "$(inherited) @executable_path/Frameworks @executable_path/../../Frameworks";
				PRODUCT_BUNDLE_IDENTIFIER = UMICH.FOUR.watchkitapp.watchkitextension;
				PRODUCT_NAME = "${TARGET_NAME}";
				SDKROOT = watchos;
				SKIP_INSTALL = YES;
				TARGETED_DEVICE_FAMILY = 4;
				WATCHOS_DEPLOYMENT_TARGET = 3.2;
			};
			name = Debug;
		};
		ADEFB0541EA2C2F100A4D473 /* Release */ = {
			isa = XCBuildConfiguration;
			buildSettings = {
				ASSETCATALOG_COMPILER_COMPLICATION_NAME = Complication;
				DEVELOPMENT_TEAM = S6UDW3AB6Q;
				INFOPLIST_FILE = "FOUR WatchKit Extension/Info.plist";
				LD_RUNPATH_SEARCH_PATHS = "$(inherited) @executable_path/Frameworks @executable_path/../../Frameworks";
				PRODUCT_BUNDLE_IDENTIFIER = UMICH.FOUR.watchkitapp.watchkitextension;
				PRODUCT_NAME = "${TARGET_NAME}";
				SDKROOT = watchos;
				SKIP_INSTALL = YES;
				TARGETED_DEVICE_FAMILY = 4;
				WATCHOS_DEPLOYMENT_TARGET = 3.2;
			};
			name = Release;
		};
		ADEFB0571EA2C2F100A4D473 /* Debug */ = {
			isa = XCBuildConfiguration;
			buildSettings = {
				ASSETCATALOG_COMPILER_APPICON_NAME = AppIcon;
				DEVELOPMENT_TEAM = S6UDW3AB6Q;
				IBSC_MODULE = FOUR_WatchKit_Extension;
				INFOPLIST_FILE = "FOUR WatchKit App/Info.plist";
				PRODUCT_BUNDLE_IDENTIFIER = UMICH.FOUR.watchkitapp;
				PRODUCT_NAME = "$(TARGET_NAME)";
				SDKROOT = watchos;
				SKIP_INSTALL = NO;
				TARGETED_DEVICE_FAMILY = 4;
				WATCHOS_DEPLOYMENT_TARGET = 3.2;
			};
			name = Debug;
		};
		ADEFB0581EA2C2F100A4D473 /* Release */ = {
			isa = XCBuildConfiguration;
			buildSettings = {
				ASSETCATALOG_COMPILER_APPICON_NAME = AppIcon;
				DEVELOPMENT_TEAM = S6UDW3AB6Q;
				IBSC_MODULE = FOUR_WatchKit_Extension;
				INFOPLIST_FILE = "FOUR WatchKit App/Info.plist";
				PRODUCT_BUNDLE_IDENTIFIER = UMICH.FOUR.watchkitapp;
				PRODUCT_NAME = "$(TARGET_NAME)";
				SDKROOT = watchos;
				SKIP_INSTALL = NO;
				TARGETED_DEVICE_FAMILY = 4;
				WATCHOS_DEPLOYMENT_TARGET = 3.2;
			};
			name = Release;
		};
		ADEFB05B1EA2C2F100A4D473 /* Debug */ = {
			isa = XCBuildConfiguration;
			buildSettings = {
				ASSETCATALOG_COMPILER_APPICON_NAME = AppIcon;
				DEVELOPMENT_TEAM = S6UDW3AB6Q;
				INFOPLIST_FILE = FOUR/Info.plist;
				IPHONEOS_DEPLOYMENT_TARGET = 10.2;
				LD_RUNPATH_SEARCH_PATHS = "$(inherited) @executable_path/Frameworks";
				PRODUCT_BUNDLE_IDENTIFIER = UMICH.FOUR;
				PRODUCT_NAME = "$(TARGET_NAME)";
			};
			name = Debug;
		};
		ADEFB05C1EA2C2F100A4D473 /* Release */ = {
			isa = XCBuildConfiguration;
			buildSettings = {
				ASSETCATALOG_COMPILER_APPICON_NAME = AppIcon;
				DEVELOPMENT_TEAM = S6UDW3AB6Q;
				INFOPLIST_FILE = FOUR/Info.plist;
				IPHONEOS_DEPLOYMENT_TARGET = 10.2;
				LD_RUNPATH_SEARCH_PATHS = "$(inherited) @executable_path/Frameworks";
				PRODUCT_BUNDLE_IDENTIFIER = UMICH.FOUR;
				PRODUCT_NAME = "$(TARGET_NAME)";
			};
			name = Release;
		};
		ADEFB05E1EA2C2F100A4D473 /* Debug */ = {
			isa = XCBuildConfiguration;
			buildSettings = {
				BUNDLE_LOADER = "$(TEST_HOST)";
				DEVELOPMENT_TEAM = S6UDW3AB6Q;
				INFOPLIST_FILE = FOURTests/Info.plist;
				LD_RUNPATH_SEARCH_PATHS = "$(inherited) @executable_path/Frameworks @loader_path/Frameworks";
				PRODUCT_BUNDLE_IDENTIFIER = UMICH.FOURTests;
				PRODUCT_NAME = "$(TARGET_NAME)";
				TEST_HOST = "$(BUILT_PRODUCTS_DIR)/FOUR.app/FOUR";
			};
			name = Debug;
		};
		ADEFB05F1EA2C2F100A4D473 /* Release */ = {
			isa = XCBuildConfiguration;
			buildSettings = {
				BUNDLE_LOADER = "$(TEST_HOST)";
				DEVELOPMENT_TEAM = S6UDW3AB6Q;
				INFOPLIST_FILE = FOURTests/Info.plist;
				LD_RUNPATH_SEARCH_PATHS = "$(inherited) @executable_path/Frameworks @loader_path/Frameworks";
				PRODUCT_BUNDLE_IDENTIFIER = UMICH.FOURTests;
				PRODUCT_NAME = "$(TARGET_NAME)";
				TEST_HOST = "$(BUILT_PRODUCTS_DIR)/FOUR.app/FOUR";
			};
			name = Release;
		};
		ADEFB0611EA2C2F100A4D473 /* Debug */ = {
			isa = XCBuildConfiguration;
			buildSettings = {
				DEVELOPMENT_TEAM = S6UDW3AB6Q;
				INFOPLIST_FILE = FOURUITests/Info.plist;
				LD_RUNPATH_SEARCH_PATHS = "$(inherited) @executable_path/Frameworks @loader_path/Frameworks";
				PRODUCT_BUNDLE_IDENTIFIER = UMICH.FOURUITests;
				PRODUCT_NAME = "$(TARGET_NAME)";
				TEST_TARGET_NAME = FOUR;
			};
			name = Debug;
		};
		ADEFB0621EA2C2F100A4D473 /* Release */ = {
			isa = XCBuildConfiguration;
			buildSettings = {
				DEVELOPMENT_TEAM = S6UDW3AB6Q;
				INFOPLIST_FILE = FOURUITests/Info.plist;
				LD_RUNPATH_SEARCH_PATHS = "$(inherited) @executable_path/Frameworks @loader_path/Frameworks";
				PRODUCT_BUNDLE_IDENTIFIER = UMICH.FOURUITests;
				PRODUCT_NAME = "$(TARGET_NAME)";
				TEST_TARGET_NAME = FOUR;
			};
			name = Release;
		};
/* End XCBuildConfiguration section */

/* Begin XCConfigurationList section */
		ADEFAFFC1EA2C2EE00A4D473 /* Build configuration list for PBXProject "FOUR" */ = {
			isa = XCConfigurationList;
			buildConfigurations = (
				ADEFB0501EA2C2F100A4D473 /* Debug */,
				ADEFB0511EA2C2F100A4D473 /* Release */,
			);
			defaultConfigurationIsVisible = 0;
			defaultConfigurationName = Release;
		};
		ADEFB0521EA2C2F100A4D473 /* Build configuration list for PBXNativeTarget "FOUR WatchKit Extension" */ = {
			isa = XCConfigurationList;
			buildConfigurations = (
				ADEFB0531EA2C2F100A4D473 /* Debug */,
				ADEFB0541EA2C2F100A4D473 /* Release */,
			);
			defaultConfigurationIsVisible = 0;
		};
		ADEFB0561EA2C2F100A4D473 /* Build configuration list for PBXNativeTarget "FOUR WatchKit App" */ = {
			isa = XCConfigurationList;
			buildConfigurations = (
				ADEFB0571EA2C2F100A4D473 /* Debug */,
				ADEFB0581EA2C2F100A4D473 /* Release */,
			);
			defaultConfigurationIsVisible = 0;
		};
		ADEFB05A1EA2C2F100A4D473 /* Build configuration list for PBXNativeTarget "FOUR" */ = {
			isa = XCConfigurationList;
			buildConfigurations = (
				ADEFB05B1EA2C2F100A4D473 /* Debug */,
				ADEFB05C1EA2C2F100A4D473 /* Release */,
			);
			defaultConfigurationIsVisible = 0;
		};
		ADEFB05D1EA2C2F100A4D473 /* Build configuration list for PBXNativeTarget "FOURTests" */ = {
			isa = XCConfigurationList;
			buildConfigurations = (
				ADEFB05E1EA2C2F100A4D473 /* Debug */,
				ADEFB05F1EA2C2F100A4D473 /* Release */,
			);
			defaultConfigurationIsVisible = 0;
		};
		ADEFB0601EA2C2F100A4D473 /* Build configuration list for PBXNativeTarget "FOURUITests" */ = {
			isa = XCConfigurationList;
			buildConfigurations = (
				ADEFB0611EA2C2F100A4D473 /* Debug */,
				ADEFB0621EA2C2F100A4D473 /* Release */,
			);
			defaultConfigurationIsVisible = 0;
		};
/* End XCConfigurationList section */
	};
	rootObject = ADEFAFF91EA2C2EE00A4D473 /* Project object */;
}
